// !$*UTF8*$!
{
	archiveVersion = 1;
	classes = {
	};
	objectVersion = 46;
	objects = {

/* Begin PBXBuildFile section */
		77114DCB1533D07700EF693C /* Cocoa.framework in Frameworks */ = {isa = PBXBuildFile; fileRef = 77114DCA1533D07700EF693C /* Cocoa.framework */; };
		77114DD51533D07700EF693C /* InfoPlist.strings in Resources */ = {isa = PBXBuildFile; fileRef = 77114DD31533D07700EF693C /* InfoPlist.strings */; };
		77114DDE1533D0B200EF693C /* AppstagramSIMBL.m in Sources */ = {isa = PBXBuildFile; fileRef = 77114DDD1533D0B200EF693C /* AppstagramSIMBL.m */; };
		771E4952153D229B00B6410D /* sepia-overlay.png in Resources */ = {isa = PBXBuildFile; fileRef = 771E4951153D229B00B6410D /* sepia-overlay.png */; };
		77200C871537DFF800831670 /* Cocoa.framework in Frameworks */ = {isa = PBXBuildFile; fileRef = 77114DCA1533D07700EF693C /* Cocoa.framework */; };
		77200C8D1537DFF800831670 /* InfoPlist.strings in Resources */ = {isa = PBXBuildFile; fileRef = 77200C8B1537DFF800831670 /* InfoPlist.strings */; };
		77200C8F1537DFF800831670 /* main.m in Sources */ = {isa = PBXBuildFile; fileRef = 77200C8E1537DFF800831670 /* main.m */; };
		77200C931537DFF800831670 /* Credits.rtf in Resources */ = {isa = PBXBuildFile; fileRef = 77200C911537DFF800831670 /* Credits.rtf */; };
		77200C991537DFF800831670 /* MainMenu.xib in Resources */ = {isa = PBXBuildFile; fileRef = 77200C971537DFF800831670 /* MainMenu.xib */; };
		77200C9D1537E08000831670 /* AppstagramSIMBL.bundle in Resources */ = {isa = PBXBuildFile; fileRef = 77114DC71533D07700EF693C /* AppstagramSIMBL.bundle */; };
		773B9390156014CD00C75B2A /* sun-overlay.png in Resources */ = {isa = PBXBuildFile; fileRef = 773B938F156014CD00C75B2A /* sun-overlay.png */; };
		77548169153D1FC80073A599 /* AppstagramFilterView.m in Sources */ = {isa = PBXBuildFile; fileRef = 77548168153D1FC80073A599 /* AppstagramFilterView.m */; };
		777B8C37154F7FAA00F8C04F /* paper-overlay.png in Resources */ = {isa = PBXBuildFile; fileRef = 777B8C36154F7FAA00F8C04F /* paper-overlay.png */; };
		7781450C153D12A10049EEAE /* AppstagramOverlayWindow.m in Sources */ = {isa = PBXBuildFile; fileRef = 7781450B153D12A10049EEAE /* AppstagramOverlayWindow.m */; };
		778B29F71537E0FA00F31379 /* AppstagramDelegate.m in Sources */ = {isa = PBXBuildFile; fileRef = 778B29F61537E0FA00F31379 /* AppstagramDelegate.m */; };
		778B29FC1537E1FB00F31379 /* AppstagramCommon.m in Sources */ = {isa = PBXBuildFile; fileRef = 778B29FB1537E1FB00F31379 /* AppstagramCommon.m */; };
		778B29FD1537E20000F31379 /* AppstagramCommon.m in Sources */ = {isa = PBXBuildFile; fileRef = 778B29FB1537E1FB00F31379 /* AppstagramCommon.m */; };
		778B2A251537E6C900F31379 /* NSWindow+AppstagramFilter.m in Sources */ = {isa = PBXBuildFile; fileRef = 778B2A241537E6C900F31379 /* NSWindow+AppstagramFilter.m */; };
		778B2A281537E8E700F31379 /* AppstagramFilter.m in Sources */ = {isa = PBXBuildFile; fileRef = 778B2A271537E8E700F31379 /* AppstagramFilter.m */; };
		77956DA2153B7713007C8424 /* menu-icon.png in Resources */ = {isa = PBXBuildFile; fileRef = 77956DA1153B7713007C8424 /* menu-icon.png */; };
		779F9EDF154C68D000BAAC1A /* appstagram.icns in Resources */ = {isa = PBXBuildFile; fileRef = 779F9EDE154C68D000BAAC1A /* appstagram.icns */; };
		779F9EE2154CB20D00BAAC1A /* SIMBL.pkg in Resources */ = {isa = PBXBuildFile; fileRef = 779F9EE1154CB20D00BAAC1A /* SIMBL.pkg */; };
		779F9EE4154CC99200BAAC1A /* SIMBL Uninstaller.app in Resources */ = {isa = PBXBuildFile; fileRef = 779F9EE3154CC99200BAAC1A /* SIMBL Uninstaller.app */; };
		77A3B13E15535EA000B8B446 /* ScriptingBridge.framework in Frameworks */ = {isa = PBXBuildFile; fileRef = 77A3B13D15535EA000B8B446 /* ScriptingBridge.framework */; };
		77AF4DDD153A1864002E01E2 /* QuartzCore.framework in Frameworks */ = {isa = PBXBuildFile; fileRef = 77AF4DDC153A1864002E01E2 /* QuartzCore.framework */; };
		77AF4DDE153A1868002E01E2 /* QuartzCore.framework in Frameworks */ = {isa = PBXBuildFile; fileRef = 77AF4DDC153A1864002E01E2 /* QuartzCore.framework */; };
		77EA0ACD1560247600C17657 /* peach-overlay.png in Resources */ = {isa = PBXBuildFile; fileRef = 77EA0ACC1560247600C17657 /* peach-overlay.png */; };
		77ED2020153E792E00F77082 /* rose-overlay.png in Resources */ = {isa = PBXBuildFile; fileRef = 77ED201F153E792E00F77082 /* rose-overlay.png */; };
		77ED2022153FCAB700F77082 /* bluered-overlay.png in Resources */ = {isa = PBXBuildFile; fileRef = 77ED2021153FCAB700F77082 /* bluered-overlay.png */; };
/* End PBXBuildFile section */

/* Begin PBXContainerItemProxy section */
		778B29FF1537E30B00F31379 /* PBXContainerItemProxy */ = {
			isa = PBXContainerItemProxy;
			containerPortal = 77114DBE1533D07700EF693C /* Project object */;
			proxyType = 1;
			remoteGlobalIDString = 77114DC61533D07700EF693C;
			remoteInfo = AppstagramSIMBL;
		};
/* End PBXContainerItemProxy section */

/* Begin PBXFileReference section */
		77114DC71533D07700EF693C /* AppstagramSIMBL.bundle */ = {isa = PBXFileReference; explicitFileType = wrapper.cfbundle; includeInIndex = 0; path = AppstagramSIMBL.bundle; sourceTree = BUILT_PRODUCTS_DIR; };
		77114DCA1533D07700EF693C /* Cocoa.framework */ = {isa = PBXFileReference; lastKnownFileType = wrapper.framework; name = Cocoa.framework; path = System/Library/Frameworks/Cocoa.framework; sourceTree = SDKROOT; };
		77114DCD1533D07700EF693C /* AppKit.framework */ = {isa = PBXFileReference; lastKnownFileType = wrapper.framework; name = AppKit.framework; path = System/Library/Frameworks/AppKit.framework; sourceTree = SDKROOT; };
		77114DCE1533D07700EF693C /* CoreData.framework */ = {isa = PBXFileReference; lastKnownFileType = wrapper.framework; name = CoreData.framework; path = System/Library/Frameworks/CoreData.framework; sourceTree = SDKROOT; };
		77114DCF1533D07700EF693C /* Foundation.framework */ = {isa = PBXFileReference; lastKnownFileType = wrapper.framework; name = Foundation.framework; path = System/Library/Frameworks/Foundation.framework; sourceTree = SDKROOT; };
		77114DD41533D07700EF693C /* en */ = {isa = PBXFileReference; lastKnownFileType = text.plist.strings; name = en; path = en.lproj/InfoPlist.strings; sourceTree = "<group>"; };
		77114DD61533D07700EF693C /* Appstagram-Prefix.pch */ = {isa = PBXFileReference; lastKnownFileType = sourcecode.c.h; path = "Appstagram-Prefix.pch"; sourceTree = "<group>"; };
		77114DDC1533D0B200EF693C /* AppstagramSIMBL.h */ = {isa = PBXFileReference; fileEncoding = 4; lastKnownFileType = sourcecode.c.h; name = AppstagramSIMBL.h; path = Source/AppstagramSIMBL.h; sourceTree = "<group>"; };
		77114DDD1533D0B200EF693C /* AppstagramSIMBL.m */ = {isa = PBXFileReference; fileEncoding = 4; lastKnownFileType = sourcecode.c.objc; name = AppstagramSIMBL.m; path = Source/AppstagramSIMBL.m; sourceTree = "<group>"; };
		771E4951153D229B00B6410D /* sepia-overlay.png */ = {isa = PBXFileReference; lastKnownFileType = image.png; name = "sepia-overlay.png"; path = "../sepia-overlay.png"; sourceTree = "<group>"; };
		77200C851537DFF800831670 /* Appstagram.app */ = {isa = PBXFileReference; explicitFileType = wrapper.application; includeInIndex = 0; path = Appstagram.app; sourceTree = BUILT_PRODUCTS_DIR; };
		77200C8A1537DFF800831670 /* Appstagram-Info.plist */ = {isa = PBXFileReference; lastKnownFileType = text.plist.xml; path = "Appstagram-Info.plist"; sourceTree = "<group>"; };
		77200C8C1537DFF800831670 /* en */ = {isa = PBXFileReference; lastKnownFileType = text.plist.strings; name = en; path = en.lproj/InfoPlist.strings; sourceTree = "<group>"; };
		77200C8E1537DFF800831670 /* main.m */ = {isa = PBXFileReference; lastKnownFileType = sourcecode.c.objc; path = main.m; sourceTree = "<group>"; };
		77200C901537DFF800831670 /* Appstagram-Prefix.pch */ = {isa = PBXFileReference; lastKnownFileType = sourcecode.c.h; path = "Appstagram-Prefix.pch"; sourceTree = "<group>"; };
		77200C921537DFF800831670 /* en */ = {isa = PBXFileReference; lastKnownFileType = text.rtf; name = en; path = en.lproj/Credits.rtf; sourceTree = "<group>"; };
		77200C981537DFF800831670 /* en */ = {isa = PBXFileReference; lastKnownFileType = file.xib; name = en; path = en.lproj/MainMenu.xib; sourceTree = "<group>"; };
		773B938F156014CD00C75B2A /* sun-overlay.png */ = {isa = PBXFileReference; lastKnownFileType = image.png; path = "sun-overlay.png"; sourceTree = SOURCE_ROOT; };
		77548167153D1FC80073A599 /* AppstagramFilterView.h */ = {isa = PBXFileReference; fileEncoding = 4; lastKnownFileType = sourcecode.c.h; name = AppstagramFilterView.h; path = Appstagram/Source/AppstagramFilterView.h; sourceTree = "<group>"; };
		77548168153D1FC80073A599 /* AppstagramFilterView.m */ = {isa = PBXFileReference; fileEncoding = 4; lastKnownFileType = sourcecode.c.objc; name = AppstagramFilterView.m; path = Appstagram/Source/AppstagramFilterView.m; sourceTree = "<group>"; };
		777B8C36154F7FAA00F8C04F /* paper-overlay.png */ = {isa = PBXFileReference; lastKnownFileType = image.png; path = "paper-overlay.png"; sourceTree = SOURCE_ROOT; };
		7781450A153D12A10049EEAE /* AppstagramOverlayWindow.h */ = {isa = PBXFileReference; fileEncoding = 4; lastKnownFileType = sourcecode.c.h; name = AppstagramOverlayWindow.h; path = Source/AppstagramOverlayWindow.h; sourceTree = "<group>"; };
		7781450B153D12A10049EEAE /* AppstagramOverlayWindow.m */ = {isa = PBXFileReference; fileEncoding = 4; lastKnownFileType = sourcecode.c.objc; name = AppstagramOverlayWindow.m; path = Source/AppstagramOverlayWindow.m; sourceTree = "<group>"; };
		778B29F51537E0FA00F31379 /* AppstagramDelegate.h */ = {isa = PBXFileReference; fileEncoding = 4; lastKnownFileType = sourcecode.c.h; name = AppstagramDelegate.h; path = Source/AppstagramDelegate.h; sourceTree = "<group>"; };
		778B29F61537E0FA00F31379 /* AppstagramDelegate.m */ = {isa = PBXFileReference; fileEncoding = 4; lastKnownFileType = sourcecode.c.objc; name = AppstagramDelegate.m; path = Source/AppstagramDelegate.m; sourceTree = "<group>"; };
		778B29F81537E10100F31379 /* CGSPrivate.h */ = {isa = PBXFileReference; lastKnownFileType = sourcecode.c.h; name = CGSPrivate.h; path = Appstagram/Source/CGSPrivate.h; sourceTree = "<group>"; };
		778B29FA1537E1FB00F31379 /* AppstagramCommon.h */ = {isa = PBXFileReference; fileEncoding = 4; lastKnownFileType = sourcecode.c.h; name = AppstagramCommon.h; path = Appstagram/Source/AppstagramCommon.h; sourceTree = "<group>"; };
		778B29FB1537E1FB00F31379 /* AppstagramCommon.m */ = {isa = PBXFileReference; fileEncoding = 4; lastKnownFileType = sourcecode.c.objc; name = AppstagramCommon.m; path = Appstagram/Source/AppstagramCommon.m; sourceTree = "<group>"; };
		778B2A211537E49C00F31379 /* AppstagramSIMBL-Info.plist */ = {isa = PBXFileReference; fileEncoding = 4; lastKnownFileType = text.plist.xml; path = "AppstagramSIMBL-Info.plist"; sourceTree = "<group>"; };
		778B2A231537E6C900F31379 /* NSWindow+AppstagramFilter.h */ = {isa = PBXFileReference; fileEncoding = 4; lastKnownFileType = sourcecode.c.h; name = "NSWindow+AppstagramFilter.h"; path = "Source/NSWindow+AppstagramFilter.h"; sourceTree = "<group>"; };
		778B2A241537E6C900F31379 /* NSWindow+AppstagramFilter.m */ = {isa = PBXFileReference; fileEncoding = 4; lastKnownFileType = sourcecode.c.objc; name = "NSWindow+AppstagramFilter.m"; path = "Source/NSWindow+AppstagramFilter.m"; sourceTree = "<group>"; };
		778B2A261537E8E700F31379 /* AppstagramFilter.h */ = {isa = PBXFileReference; fileEncoding = 4; lastKnownFileType = sourcecode.c.h; name = AppstagramFilter.h; path = Appstagram/Source/AppstagramFilter.h; sourceTree = "<group>"; };
		778B2A271537E8E700F31379 /* AppstagramFilter.m */ = {isa = PBXFileReference; fileEncoding = 4; lastKnownFileType = sourcecode.c.objc; name = AppstagramFilter.m; path = Appstagram/Source/AppstagramFilter.m; sourceTree = "<group>"; };
		77956DA1153B7713007C8424 /* menu-icon.png */ = {isa = PBXFileReference; lastKnownFileType = image.png; path = "menu-icon.png"; sourceTree = "<group>"; };
		779F9EDE154C68D000BAAC1A /* appstagram.icns */ = {isa = PBXFileReference; lastKnownFileType = image.icns; path = appstagram.icns; sourceTree = "<group>"; };
		779F9EE1154CB20D00BAAC1A /* SIMBL.pkg */ = {isa = PBXFileReference; lastKnownFileType = file; path = SIMBL.pkg; sourceTree = SOURCE_ROOT; };
		779F9EE3154CC99200BAAC1A /* SIMBL Uninstaller.app */ = {isa = PBXFileReference; lastKnownFileType = wrapper.application; path = "SIMBL Uninstaller.app"; sourceTree = SOURCE_ROOT; };
		77A3B13D15535EA000B8B446 /* ScriptingBridge.framework */ = {isa = PBXFileReference; lastKnownFileType = wrapper.framework; name = ScriptingBridge.framework; path = System/Library/Frameworks/ScriptingBridge.framework; sourceTree = SDKROOT; };
		77AF4DDC153A1864002E01E2 /* QuartzCore.framework */ = {isa = PBXFileReference; lastKnownFileType = wrapper.framework; name = QuartzCore.framework; path = System/Library/Frameworks/QuartzCore.framework; sourceTree = SDKROOT; };
		77EA0ACC1560247600C17657 /* peach-overlay.png */ = {isa = PBXFileReference; lastKnownFileType = image.png; path = "peach-overlay.png"; sourceTree = SOURCE_ROOT; };
		77ED201F153E792E00F77082 /* rose-overlay.png */ = {isa = PBXFileReference; lastKnownFileType = image.png; path = "rose-overlay.png"; sourceTree = SOURCE_ROOT; };
		77ED2021153FCAB700F77082 /* bluered-overlay.png */ = {isa = PBXFileReference; lastKnownFileType = image.png; path = "bluered-overlay.png"; sourceTree = SOURCE_ROOT; };
/* End PBXFileReference section */

/* Begin PBXFrameworksBuildPhase section */
		77114DC41533D07700EF693C /* Frameworks */ = {
			isa = PBXFrameworksBuildPhase;
			buildActionMask = 2147483647;
			files = (
				77114DCB1533D07700EF693C /* Cocoa.framework in Frameworks */,
				77AF4DDE153A1868002E01E2 /* QuartzCore.framework in Frameworks */,
			);
			runOnlyForDeploymentPostprocessing = 0;
		};
		77200C821537DFF800831670 /* Frameworks */ = {
			isa = PBXFrameworksBuildPhase;
			buildActionMask = 2147483647;
			files = (
				77A3B13E15535EA000B8B446 /* ScriptingBridge.framework in Frameworks */,
				77AF4DDD153A1864002E01E2 /* QuartzCore.framework in Frameworks */,
				77200C871537DFF800831670 /* Cocoa.framework in Frameworks */,
			);
			runOnlyForDeploymentPostprocessing = 0;
		};
/* End PBXFrameworksBuildPhase section */

/* Begin PBXGroup section */
		77114DBC1533D07700EF693C = {
			isa = PBXGroup;
			children = (
				778B29FE1537E20600F31379 /* Common */,
				77114DD01533D07700EF693C /* AppstagramSIMBL */,
				77200C881537DFF800831670 /* Appstagram */,
				77114DC91533D07700EF693C /* Frameworks */,
			);
			sourceTree = "<group>";
		};
		77114DC81533D07700EF693C /* Products */ = {
			isa = PBXGroup;
			children = (
				77114DC71533D07700EF693C /* AppstagramSIMBL.bundle */,
				77200C851537DFF800831670 /* Appstagram.app */,
			);
			name = Products;
			sourceTree = "<group>";
		};
		77114DC91533D07700EF693C /* Frameworks */ = {
			isa = PBXGroup;
			children = (
				77114DC81533D07700EF693C /* Products */,
				77AF4DDC153A1864002E01E2 /* QuartzCore.framework */,
				77A3B13D15535EA000B8B446 /* ScriptingBridge.framework */,
				77114DCA1533D07700EF693C /* Cocoa.framework */,
				77114DCC1533D07700EF693C /* Other Frameworks */,
			);
			name = Frameworks;
			sourceTree = "<group>";
		};
		77114DCC1533D07700EF693C /* Other Frameworks */ = {
			isa = PBXGroup;
			children = (
				77114DCD1533D07700EF693C /* AppKit.framework */,
				77114DCE1533D07700EF693C /* CoreData.framework */,
				77114DCF1533D07700EF693C /* Foundation.framework */,
			);
			name = "Other Frameworks";
			sourceTree = "<group>";
		};
		77114DD01533D07700EF693C /* AppstagramSIMBL */ = {
			isa = PBXGroup;
			children = (
				7781450A153D12A10049EEAE /* AppstagramOverlayWindow.h */,
				7781450B153D12A10049EEAE /* AppstagramOverlayWindow.m */,
				77114DDC1533D0B200EF693C /* AppstagramSIMBL.h */,
				77114DDD1533D0B200EF693C /* AppstagramSIMBL.m */,
				778B2A231537E6C900F31379 /* NSWindow+AppstagramFilter.h */,
				778B2A241537E6C900F31379 /* NSWindow+AppstagramFilter.m */,
				77114DD11533D07700EF693C /* Supporting Files */,
			);
			name = AppstagramSIMBL;
			path = Appstagram;
			sourceTree = "<group>";
		};
		77114DD11533D07700EF693C /* Supporting Files */ = {
			isa = PBXGroup;
			children = (
				771E4951153D229B00B6410D /* sepia-overlay.png */,
				777B8C36154F7FAA00F8C04F /* paper-overlay.png */,
				77ED201F153E792E00F77082 /* rose-overlay.png */,
				77ED2021153FCAB700F77082 /* bluered-overlay.png */,
				773B938F156014CD00C75B2A /* sun-overlay.png */,
				77EA0ACC1560247600C17657 /* peach-overlay.png */,
				778B2A211537E49C00F31379 /* AppstagramSIMBL-Info.plist */,
				77114DD31533D07700EF693C /* InfoPlist.strings */,
				77114DD61533D07700EF693C /* Appstagram-Prefix.pch */,
			);
			name = "Supporting Files";
			sourceTree = "<group>";
		};
		77200C881537DFF800831670 /* Appstagram */ = {
			isa = PBXGroup;
			children = (
				778B29F51537E0FA00F31379 /* AppstagramDelegate.h */,
				778B29F61537E0FA00F31379 /* AppstagramDelegate.m */,
				77200C891537DFF800831670 /* Supporting Files */,
			);
			path = Appstagram;
			sourceTree = "<group>";
		};
		77200C891537DFF800831670 /* Supporting Files */ = {
			isa = PBXGroup;
			children = (
				779F9EE1154CB20D00BAAC1A /* SIMBL.pkg */,
				779F9EE3154CC99200BAAC1A /* SIMBL Uninstaller.app */,
				779F9EDE154C68D000BAAC1A /* appstagram.icns */,
				77200C971537DFF800831670 /* MainMenu.xib */,
				77956DA1153B7713007C8424 /* menu-icon.png */,
				77200C8A1537DFF800831670 /* Appstagram-Info.plist */,
				77200C8B1537DFF800831670 /* InfoPlist.strings */,
				77200C8E1537DFF800831670 /* main.m */,
				77200C901537DFF800831670 /* Appstagram-Prefix.pch */,
				77200C911537DFF800831670 /* Credits.rtf */,
			);
			name = "Supporting Files";
			sourceTree = "<group>";
		};
		778B29FE1537E20600F31379 /* Common */ = {
			isa = PBXGroup;
			children = (
				778B29FA1537E1FB00F31379 /* AppstagramCommon.h */,
				778B29FB1537E1FB00F31379 /* AppstagramCommon.m */,
				778B2A261537E8E700F31379 /* AppstagramFilter.h */,
				778B2A271537E8E700F31379 /* AppstagramFilter.m */,
				77548167153D1FC80073A599 /* AppstagramFilterView.h */,
				77548168153D1FC80073A599 /* AppstagramFilterView.m */,
				778B29F81537E10100F31379 /* CGSPrivate.h */,
			);
			name = Common;
			sourceTree = "<group>";
		};
/* End PBXGroup section */

/* Begin PBXNativeTarget section */
		77114DC61533D07700EF693C /* AppstagramSIMBL */ = {
			isa = PBXNativeTarget;
			buildConfigurationList = 77114DD91533D07700EF693C /* Build configuration list for PBXNativeTarget "AppstagramSIMBL" */;
			buildPhases = (
				77114DC31533D07700EF693C /* Sources */,
				77114DC41533D07700EF693C /* Frameworks */,
				77114DC51533D07700EF693C /* Resources */,
			);
			buildRules = (
			);
			dependencies = (
			);
			name = AppstagramSIMBL;
			productName = Appstagram;
			productReference = 77114DC71533D07700EF693C /* AppstagramSIMBL.bundle */;
			productType = "com.apple.product-type.bundle";
		};
		77200C841537DFF800831670 /* Appstagram */ = {
			isa = PBXNativeTarget;
			buildConfigurationList = 77200C9A1537DFF800831670 /* Build configuration list for PBXNativeTarget "Appstagram" */;
			buildPhases = (
				77200C811537DFF800831670 /* Sources */,
				77200C821537DFF800831670 /* Frameworks */,
				77200C831537DFF800831670 /* Resources */,
			);
			buildRules = (
			);
			dependencies = (
				778B2A001537E30B00F31379 /* PBXTargetDependency */,
			);
			name = Appstagram;
			productName = Appstagram;
			productReference = 77200C851537DFF800831670 /* Appstagram.app */;
			productType = "com.apple.product-type.application";
		};
/* End PBXNativeTarget section */

/* Begin PBXProject section */
		77114DBE1533D07700EF693C /* Project object */ = {
			isa = PBXProject;
			attributes = {
				LastUpgradeCheck = 0430;
			};
			buildConfigurationList = 77114DC11533D07700EF693C /* Build configuration list for PBXProject "Appstagram" */;
			compatibilityVersion = "Xcode 3.2";
			developmentRegion = English;
			hasScannedForEncodings = 0;
			knownRegions = (
				en,
			);
			mainGroup = 77114DBC1533D07700EF693C;
			productRefGroup = 77114DC81533D07700EF693C /* Products */;
			projectDirPath = "";
			projectRoot = "";
			targets = (
				77114DC61533D07700EF693C /* AppstagramSIMBL */,
				77200C841537DFF800831670 /* Appstagram */,
			);
		};
/* End PBXProject section */

/* Begin PBXResourcesBuildPhase section */
		77114DC51533D07700EF693C /* Resources */ = {
			isa = PBXResourcesBuildPhase;
			buildActionMask = 2147483647;
			files = (
				77114DD51533D07700EF693C /* InfoPlist.strings in Resources */,
				771E4952153D229B00B6410D /* sepia-overlay.png in Resources */,
				77ED2020153E792E00F77082 /* rose-overlay.png in Resources */,
				77ED2022153FCAB700F77082 /* bluered-overlay.png in Resources */,
				777B8C37154F7FAA00F8C04F /* paper-overlay.png in Resources */,
				773B9390156014CD00C75B2A /* sun-overlay.png in Resources */,
				77EA0ACD1560247600C17657 /* peach-overlay.png in Resources */,
			);
			runOnlyForDeploymentPostprocessing = 0;
		};
		77200C831537DFF800831670 /* Resources */ = {
			isa = PBXResourcesBuildPhase;
			buildActionMask = 2147483647;
			files = (
				77200C9D1537E08000831670 /* AppstagramSIMBL.bundle in Resources */,
				77200C8D1537DFF800831670 /* InfoPlist.strings in Resources */,
				77200C931537DFF800831670 /* Credits.rtf in Resources */,
				77200C991537DFF800831670 /* MainMenu.xib in Resources */,
				77956DA2153B7713007C8424 /* menu-icon.png in Resources */,
				779F9EDF154C68D000BAAC1A /* appstagram.icns in Resources */,
				779F9EE2154CB20D00BAAC1A /* SIMBL.pkg in Resources */,
				779F9EE4154CC99200BAAC1A /* SIMBL Uninstaller.app in Resources */,
			);
			runOnlyForDeploymentPostprocessing = 0;
		};
/* End PBXResourcesBuildPhase section */

/* Begin PBXSourcesBuildPhase section */
		77114DC31533D07700EF693C /* Sources */ = {
			isa = PBXSourcesBuildPhase;
			buildActionMask = 2147483647;
			files = (
				77114DDE1533D0B200EF693C /* AppstagramSIMBL.m in Sources */,
				778B29FD1537E20000F31379 /* AppstagramCommon.m in Sources */,
				778B2A251537E6C900F31379 /* NSWindow+AppstagramFilter.m in Sources */,
				778B2A281537E8E700F31379 /* AppstagramFilter.m in Sources */,
				7781450C153D12A10049EEAE /* AppstagramOverlayWindow.m in Sources */,
				77548169153D1FC80073A599 /* AppstagramFilterView.m in Sources */,
			);
			runOnlyForDeploymentPostprocessing = 0;
		};
		77200C811537DFF800831670 /* Sources */ = {
			isa = PBXSourcesBuildPhase;
			buildActionMask = 2147483647;
			files = (
				77200C8F1537DFF800831670 /* main.m in Sources */,
				778B29F71537E0FA00F31379 /* AppstagramDelegate.m in Sources */,
				778B29FC1537E1FB00F31379 /* AppstagramCommon.m in Sources */,
			);
			runOnlyForDeploymentPostprocessing = 0;
		};
/* End PBXSourcesBuildPhase section */

/* Begin PBXTargetDependency section */
		778B2A001537E30B00F31379 /* PBXTargetDependency */ = {
			isa = PBXTargetDependency;
			target = 77114DC61533D07700EF693C /* AppstagramSIMBL */;
			targetProxy = 778B29FF1537E30B00F31379 /* PBXContainerItemProxy */;
		};
/* End PBXTargetDependency section */

/* Begin PBXVariantGroup section */
		77114DD31533D07700EF693C /* InfoPlist.strings */ = {
			isa = PBXVariantGroup;
			children = (
				77114DD41533D07700EF693C /* en */,
			);
			name = InfoPlist.strings;
			sourceTree = "<group>";
		};
		77200C8B1537DFF800831670 /* InfoPlist.strings */ = {
			isa = PBXVariantGroup;
			children = (
				77200C8C1537DFF800831670 /* en */,
			);
			name = InfoPlist.strings;
			sourceTree = "<group>";
		};
		77200C911537DFF800831670 /* Credits.rtf */ = {
			isa = PBXVariantGroup;
			children = (
				77200C921537DFF800831670 /* en */,
			);
			name = Credits.rtf;
			sourceTree = "<group>";
		};
		77200C971537DFF800831670 /* MainMenu.xib */ = {
			isa = PBXVariantGroup;
			children = (
				77200C981537DFF800831670 /* en */,
			);
			name = MainMenu.xib;
			sourceTree = "<group>";
		};
/* End PBXVariantGroup section */

/* Begin XCBuildConfiguration section */
		77114DD71533D07700EF693C /* Debug */ = {
			isa = XCBuildConfiguration;
			buildSettings = {
				ALWAYS_SEARCH_USER_PATHS = NO;
				ARCHS = "$(ARCHS_STANDARD_64_BIT)";
				COPY_PHASE_STRIP = NO;
				GCC_C_LANGUAGE_STANDARD = gnu99;
				GCC_DYNAMIC_NO_PIC = NO;
				GCC_ENABLE_OBJC_EXCEPTIONS = YES;
				GCC_OPTIMIZATION_LEVEL = 0;
				GCC_PREPROCESSOR_DEFINITIONS = (
					"DEBUG=1",
					"$(inherited)",
				);
				GCC_SYMBOLS_PRIVATE_EXTERN = NO;
				GCC_VERSION = com.apple.compilers.llvm.clang.1_0;
				GCC_WARN_64_TO_32_BIT_CONVERSION = YES;
				GCC_WARN_ABOUT_MISSING_PROTOTYPES = YES;
				GCC_WARN_ABOUT_RETURN_TYPE = YES;
				GCC_WARN_UNUSED_VARIABLE = YES;
				MACOSX_DEPLOYMENT_TARGET = 10.7;
				ONLY_ACTIVE_ARCH = YES;
				SDKROOT = macosx;
			};
			name = Debug;
		};
		77114DD81533D07700EF693C /* Release */ = {
			isa = XCBuildConfiguration;
			buildSettings = {
				ALWAYS_SEARCH_USER_PATHS = NO;
				ARCHS = "$(ARCHS_STANDARD_64_BIT)";
				COPY_PHASE_STRIP = YES;
				DEBUG_INFORMATION_FORMAT = "dwarf-with-dsym";
				GCC_C_LANGUAGE_STANDARD = gnu99;
				GCC_ENABLE_OBJC_EXCEPTIONS = YES;
				GCC_VERSION = com.apple.compilers.llvm.clang.1_0;
				GCC_WARN_64_TO_32_BIT_CONVERSION = YES;
				GCC_WARN_ABOUT_MISSING_PROTOTYPES = YES;
				GCC_WARN_ABOUT_RETURN_TYPE = YES;
				GCC_WARN_UNUSED_VARIABLE = YES;
				MACOSX_DEPLOYMENT_TARGET = 10.7;
				SDKROOT = macosx;
			};
			name = Release;
		};
		77114DDA1533D07700EF693C /* Debug */ = {
			isa = XCBuildConfiguration;
			buildSettings = {
				GCC_PRECOMPILE_PREFIX_HEADER = YES;
				GCC_PREFIX_HEADER = "Appstagram/Appstagram-Prefix.pch";
				GCC_TREAT_WARNINGS_AS_ERRORS = YES;
				INFOPLIST_FILE = "Appstagram/AppstagramSIMBL-Info.plist";
				INSTALL_PATH = "$(LOCAL_LIBRARY_DIR)/Bundles";
				PRODUCT_NAME = "$(TARGET_NAME)";
				RUN_CLANG_STATIC_ANALYZER = YES;
				WRAPPER_EXTENSION = bundle;
			};
			name = Debug;
		};
		77114DDB1533D07700EF693C /* Release */ = {
			isa = XCBuildConfiguration;
			buildSettings = {
				GCC_PRECOMPILE_PREFIX_HEADER = YES;
				GCC_PREFIX_HEADER = "Appstagram/Appstagram-Prefix.pch";
				GCC_TREAT_WARNINGS_AS_ERRORS = YES;
				INFOPLIST_FILE = "Appstagram/AppstagramSIMBL-Info.plist";
				INSTALL_PATH = "$(LOCAL_LIBRARY_DIR)/Bundles";
				PRODUCT_NAME = "$(TARGET_NAME)";
				RUN_CLANG_STATIC_ANALYZER = YES;
				WRAPPER_EXTENSION = bundle;
			};
			name = Release;
		};
		77200C9B1537DFF800831670 /* Debug */ = {
			isa = XCBuildConfiguration;
			buildSettings = {
				GCC_PRECOMPILE_PREFIX_HEADER = YES;
				GCC_PREFIX_HEADER = "Appstagram/Appstagram-Prefix.pch";
				INFOPLIST_FILE = "Appstagram/Appstagram-Info.plist";
				PRODUCT_NAME = "$(TARGET_NAME)";
				WRAPPER_EXTENSION = app;
			};
			name = Debug;
		};
		77200C9C1537DFF800831670 /* Release */ = {
			isa = XCBuildConfiguration;
			buildSettings = {
				GCC_PRECOMPILE_PREFIX_HEADER = YES;
				GCC_PREFIX_HEADER = "Appstagram/Appstagram-Prefix.pch";
				INFOPLIST_FILE = "Appstagram/Appstagram-Info.plist";
				PRODUCT_NAME = "$(TARGET_NAME)";
				WRAPPER_EXTENSION = app;
			};
			name = Release;
		};
/* End XCBuildConfiguration section */

/* Begin XCConfigurationList section */
		77114DC11533D07700EF693C /* Build configuration list for PBXProject "Appstagram" */ = {
			isa = XCConfigurationList;
			buildConfigurations = (
				77114DD71533D07700EF693C /* Debug */,
				77114DD81533D07700EF693C /* Release */,
			);
			defaultConfigurationIsVisible = 0;
			defaultConfigurationName = Release;
		};
		77114DD91533D07700EF693C /* Build configuration list for PBXNativeTarget "AppstagramSIMBL" */ = {
			isa = XCConfigurationList;
			buildConfigurations = (
				77114DDA1533D07700EF693C /* Debug */,
				77114DDB1533D07700EF693C /* Release */,
			);
			defaultConfigurationIsVisible = 0;
			defaultConfigurationName = Release;
		};
		77200C9A1537DFF800831670 /* Build configuration list for PBXNativeTarget "Appstagram" */ = {
			isa = XCConfigurationList;
			buildConfigurations = (
				77200C9B1537DFF800831670 /* Debug */,
				77200C9C1537DFF800831670 /* Release */,
			);
			defaultConfigurationIsVisible = 0;
			defaultConfigurationName = Release;
		};
/* End XCConfigurationList section */
	};
	rootObject = 77114DBE1533D07700EF693C /* Project object */;
}
